// !$*UTF8*$!
{
	archiveVersion = 1;
	classes = {
	};
	objectVersion = 77;
	objects = {

/* Begin PBXBuildFile section */
		040F18A32E0FFBDE009F756A /* IQKeyboardManagerSwift in Frameworks */ = {isa = PBXBuildFile; productRef = 040F18A22E0FFBDE009F756A /* IQKeyboardManagerSwift */; };
		040F18A82E1000FA009F756A /* AWSCognitoIdentityProvider in Frameworks */ = {isa = PBXBuildFile; productRef = 040F18A72E1000FA009F756A /* AWSCognitoIdentityProvider */; };
		040F18AA2E1000FA009F756A /* AWSCore in Frameworks */ = {isa = PBXBuildFile; productRef = 040F18A92E1000FA009F756A /* AWSCore */; };
		040F18AC2E1000FA009F756A /* AWSS3 in Frameworks */ = {isa = PBXBuildFile; productRef = 040F18AB2E1000FA009F756A /* AWSS3 */; };
		040F18E82E1014C7009F756A /* Alamofire in Frameworks */ = {isa = PBXBuildFile; productRef = 040F18E72E1014C7009F756A /* Alamofire */; };
		040F195F2E101A34009F756A /* RswiftLibrary in Frameworks */ = {isa = PBXBuildFile; productRef = 040F195E2E101A34009F756A /* RswiftLibrary */; };
		040F19E82E102B05009F756A /* FirebaseCore in Frameworks */ = {isa = PBXBuildFile; productRef = 040F19E72E102B05009F756A /* FirebaseCore */; };
		040F19EA2E102B05009F756A /* FirebaseDynamicLinks in Frameworks */ = {isa = PBXBuildFile; productRef = 040F19E92E102B05009F756A /* FirebaseDynamicLinks */; };
		040F19EC2E102B05009F756A /* FirebaseMessaging in Frameworks */ = {isa = PBXBuildFile; productRef = 040F19EB2E102B05009F756A /* FirebaseMessaging */; };
/* End PBXBuildFile section */

/* Begin PBXFileReference section */
		040F18892E0FFB98009F756A /* CommonBaseCode.app */ = {isa = PBXFileReference; explicitFileType = wrapper.application; includeInIndex = 0; path = CommonBaseCode.app; sourceTree = BUILT_PRODUCTS_DIR; };
/* End PBXFileReference section */

/* Begin PBXFileSystemSynchronizedBuildFileExceptionSet section */
		040F189B2E0FFB99009F756A /* Exceptions for "CommonBaseCode" folder in "CommonBaseCode" target */ = {
			isa = PBXFileSystemSynchronizedBuildFileExceptionSet;
			membershipExceptions = (
				Info.plist,
			);
			target = 040F18882E0FFB98009F756A /* CommonBaseCode */;
		};
/* End PBXFileSystemSynchronizedBuildFileExceptionSet section */

/* Begin PBXFileSystemSynchronizedRootGroup section */
		040F188B2E0FFB98009F756A /* CommonBaseCode */ = {
			isa = PBXFileSystemSynchronizedRootGroup;
			exceptions = (
				040F189B2E0FFB99009F756A /* Exceptions for "CommonBaseCode" folder in "CommonBaseCode" target */,
			);
			path = CommonBaseCode;
			sourceTree = "<group>";
		};
/* End PBXFileSystemSynchronizedRootGroup section */

/* Begin PBXFrameworksBuildPhase section */
		040F18862E0FFB98009F756A /* Frameworks */ = {
			isa = PBXFrameworksBuildPhase;
			buildActionMask = 2147483647;
			files = (
				040F19EC2E102B05009F756A /* FirebaseMessaging in Frameworks */,
				040F18E82E1014C7009F756A /* Alamofire in Frameworks */,
				040F18AA2E1000FA009F756A /* AWSCore in Frameworks */,
				040F18A32E0FFBDE009F756A /* IQKeyboardManagerSwift in Frameworks */,
				040F19EA2E102B05009F756A /* FirebaseDynamicLinks in Frameworks */,
				040F18AC2E1000FA009F756A /* AWSS3 in Frameworks */,
				040F19E82E102B05009F756A /* FirebaseCore in Frameworks */,
				040F18A82E1000FA009F756A /* AWSCognitoIdentityProvider in Frameworks */,
				040F195F2E101A34009F756A /* RswiftLibrary in Frameworks */,
			);
			runOnlyForDeploymentPostprocessing = 0;
		};
/* End PBXFrameworksBuildPhase section */

/* Begin PBXGroup section */
		040F18802E0FFB97009F756A = {
			isa = PBXGroup;
			children = (
				040F188B2E0FFB98009F756A /* CommonBaseCode */,
				040F188A2E0FFB98009F756A /* Products */,
			);
			sourceTree = "<group>";
		};
		040F188A2E0FFB98009F756A /* Products */ = {
			isa = PBXGroup;
			children = (
				040F18892E0FFB98009F756A /* CommonBaseCode.app */,
			);
			name = Products;
			sourceTree = "<group>";
		};
/* End PBXGroup section */

/* Begin PBXNativeTarget section */
		040F18882E0FFB98009F756A /* CommonBaseCode */ = {
			isa = PBXNativeTarget;
			buildConfigurationList = 040F189C2E0FFB99009F756A /* Build configuration list for PBXNativeTarget "CommonBaseCode" */;
			buildPhases = (
				040F18852E0FFB98009F756A /* Sources */,
				040F18872E0FFB98009F756A /* Resources */,
				040F18862E0FFB98009F756A /* Frameworks */,
			);
			buildRules = (
			);
			dependencies = (
				040F19622E1023BD009F756A /* PBXTargetDependency */,
			);
			fileSystemSynchronizedGroups = (
				040F188B2E0FFB98009F756A /* CommonBaseCode */,
			);
			name = CommonBaseCode;
			packageProductDependencies = (
				040F18A22E0FFBDE009F756A /* IQKeyboardManagerSwift */,
				040F18A72E1000FA009F756A /* AWSCognitoIdentityProvider */,
				040F18A92E1000FA009F756A /* AWSCore */,
				040F18AB2E1000FA009F756A /* AWSS3 */,
				040F18E72E1014C7009F756A /* Alamofire */,
				040F195E2E101A34009F756A /* RswiftLibrary */,
				040F19E72E102B05009F756A /* FirebaseCore */,
				040F19E92E102B05009F756A /* FirebaseDynamicLinks */,
				040F19EB2E102B05009F756A /* FirebaseMessaging */,
			);
			productName = CommonBaseCode;
			productReference = 040F18892E0FFB98009F756A /* CommonBaseCode.app */;
			productType = "com.apple.product-type.application";
		};
/* End PBXNativeTarget section */

/* Begin PBXProject section */
		040F18812E0FFB97009F756A /* Project object */ = {
			isa = PBXProject;
			attributes = {
				BuildIndependentTargetsInParallel = 1;
				LastSwiftUpdateCheck = 1640;
				LastUpgradeCheck = 1640;
				TargetAttributes = {
					040F18882E0FFB98009F756A = {
						CreatedOnToolsVersion = 16.4;
					};
				};
			};
			buildConfigurationList = 040F18842E0FFB97009F756A /* Build configuration list for PBXProject "CommonBaseCode" */;
			developmentRegion = en;
			hasScannedForEncodings = 0;
			knownRegions = (
				en,
				Base,
				es,
			);
			mainGroup = 040F18802E0FFB97009F756A;
			minimizedProjectReferenceProxies = 1;
			packageReferences = (
				040F18A12E0FFBDE009F756A /* XCRemoteSwiftPackageReference "IQKeyboardManager" */,
				040F18A62E1000FA009F756A /* XCRemoteSwiftPackageReference "aws-sdk-ios-spm" */,
				040F18E62E1014C7009F756A /* XCRemoteSwiftPackageReference "Alamofire" */,
				040F195D2E101A34009F756A /* XCRemoteSwiftPackageReference "R.swift" */,
				040F19E62E102B05009F756A /* XCRemoteSwiftPackageReference "firebase-ios-sdk" */,
			);
			preferredProjectObjectVersion = 77;
			productRefGroup = 040F188A2E0FFB98009F756A /* Products */;
			projectDirPath = "";
			projectRoot = "";
			targets = (
				040F18882E0FFB98009F756A /* CommonBaseCode */,
			);
		};
/* End PBXProject section */

/* Begin PBXResourcesBuildPhase section */
		040F18872E0FFB98009F756A /* Resources */ = {
			isa = PBXResourcesBuildPhase;
			buildActionMask = 2147483647;
			files = (
			);
			runOnlyForDeploymentPostprocessing = 0;
		};
/* End PBXResourcesBuildPhase section */

/* Begin PBXSourcesBuildPhase section */
		040F18852E0FFB98009F756A /* Sources */ = {
			isa = PBXSourcesBuildPhase;
			buildActionMask = 2147483647;
			files = (
			);
			runOnlyForDeploymentPostprocessing = 0;
		};
/* End PBXSourcesBuildPhase section */

/* Begin PBXTargetDependency section */
		040F19622E1023BD009F756A /* PBXTargetDependency */ = {
			isa = PBXTargetDependency;
			productRef = 040F19612E1023BD009F756A /* RswiftGenerateInternalResources */;
		};
/* End PBXTargetDependency section */

/* Begin XCBuildConfiguration section */
		040F189D2E0FFB99009F756A /* Debug */ = {
			isa = XCBuildConfiguration;
			buildSettings = {
				ASSETCATALOG_COMPILER_APPICON_NAME = AppIcon;
				ASSETCATALOG_COMPILER_GLOBAL_ACCENT_COLOR_NAME = AccentColor;
				CODE_SIGN_STYLE = Manual;
				CURRENT_PROJECT_VERSION = 1;
				DEVELOPMENT_TEAM = "";
				GENERATE_INFOPLIST_FILE = YES;
				INFOPLIST_FILE = CommonBaseCode/Info.plist;
				INFOPLIST_KEY_UIApplicationSupportsIndirectInputEvents = YES;
				INFOPLIST_KEY_UILaunchStoryboardName = LaunchScreen;
				INFOPLIST_KEY_UIMainStoryboardFile = Main;
				INFOPLIST_KEY_UISupportedInterfaceOrientations_iPad = "UIInterfaceOrientationPortrait UIInterfaceOrientationPortraitUpsideDown UIInterfaceOrientationLandscapeLeft UIInterfaceOrientationLandscapeRight";
				INFOPLIST_KEY_UISupportedInterfaceOrientations_iPhone = "UIInterfaceOrientationPortrait UIInterfaceOrientationLandscapeLeft UIInterfaceOrientationLandscapeRight";
				LD_RUNPATH_SEARCH_PATHS = (
					"$(inherited)",
					"@executable_path/Frameworks",
				);
				MARKETING_VERSION = 1.0;
				PRODUCT_BUNDLE_IDENTIFIER = com.CommonBaseCode;
				PRODUCT_NAME = "$(TARGET_NAME)";
				PROVISIONING_PROFILE_SPECIFIER = "";
				SWIFT_EMIT_LOC_STRINGS = YES;
				SWIFT_OBJC_BRIDGING_HEADER = "CommonBaseCode/CommonBaseCode-Bridging-Header.h";
				SWIFT_VERSION = 5.0;
				TARGETED_DEVICE_FAMILY = "1,2";
			};
			name = Debug;
		};
		040F189E2E0FFB99009F756A /* Release */ = {
			isa = XCBuildConfiguration;
			buildSettings = {
				ASSETCATALOG_COMPILER_APPICON_NAME = AppIcon;
				ASSETCATALOG_COMPILER_GLOBAL_ACCENT_COLOR_NAME = AccentColor;
				CODE_SIGN_STYLE = Manual;
				CURRENT_PROJECT_VERSION = 1;
				DEVELOPMENT_TEAM = "";
				GENERATE_INFOPLIST_FILE = YES;
				INFOPLIST_FILE = CommonBaseCode/Info.plist;
				INFOPLIST_KEY_UIApplicationSupportsIndirectInputEvents = YES;
				INFOPLIST_KEY_UILaunchStoryboardName = LaunchScreen;
				INFOPLIST_KEY_UIMainStoryboardFile = Main;
				INFOPLIST_KEY_UISupportedInterfaceOrientations_iPad = "UIInterfaceOrientationPortrait UIInterfaceOrientationPortraitUpsideDown UIInterfaceOrientationLandscapeLeft UIInterfaceOrientationLandscapeRight";
				INFOPLIST_KEY_UISupportedInterfaceOrientations_iPhone = "UIInterfaceOrientationPortrait UIInterfaceOrientationLandscapeLeft UIInterfaceOrientationLandscapeRight";
				LD_RUNPATH_SEARCH_PATHS = (
					"$(inherited)",
					"@executable_path/Frameworks",
				);
				MARKETING_VERSION = 1.0;
				PRODUCT_BUNDLE_IDENTIFIER = com.CommonBaseCode;
				PRODUCT_NAME = "$(TARGET_NAME)";
				PROVISIONING_PROFILE_SPECIFIER = "";
				SWIFT_EMIT_LOC_STRINGS = YES;
				SWIFT_OBJC_BRIDGING_HEADER = "CommonBaseCode/CommonBaseCode-Bridging-Header.h";
				SWIFT_VERSION = 5.0;
				TARGETED_DEVICE_FAMILY = "1,2";
			};
			name = Release;
		};
		040F189F2E0FFB99009F756A /* Debug */ = {
			isa = XCBuildConfiguration;
			buildSettings = {
				ALWAYS_SEARCH_USER_PATHS = NO;
				ASSETCATALOG_COMPILER_GENERATE_SWIFT_ASSET_SYMBOL_EXTENSIONS = YES;
				CLANG_ANALYZER_LOCALIZABILITY_NONLOCALIZED = YES;
				CLANG_ANALYZER_NONNULL = YES;
				CLANG_ANALYZER_NUMBER_OBJECT_CONVERSION = YES_AGGRESSIVE;
				CLANG_CXX_LANGUAGE_STANDARD = "gnu++20";
				CLANG_ENABLE_MODULES = YES;
				CLANG_ENABLE_OBJC_ARC = YES;
				CLANG_ENABLE_OBJC_WEAK = YES;
				CLANG_WARN_BLOCK_CAPTURE_AUTORELEASING = YES;
				CLANG_WARN_BOOL_CONVERSION = YES;
				CLANG_WARN_COMMA = YES;
				CLANG_WARN_CONSTANT_CONVERSION = YES;
				CLANG_WARN_DEPRECATED_OBJC_IMPLEMENTATIONS = YES;
				CLANG_WARN_DIRECT_OBJC_ISA_USAGE = YES_ERROR;
				CLANG_WARN_DOCUMENTATION_COMMENTS = YES;
				CLANG_WARN_EMPTY_BODY = YES;
				CLANG_WARN_ENUM_CONVERSION = YES;
				CLANG_WARN_INFINITE_RECURSION = YES;
				CLANG_WARN_INT_CONVERSION = YES;
				CLANG_WARN_NON_LITERAL_NULL_CONVERSION = YES;
				CLANG_WARN_OBJC_IMPLICIT_RETAIN_SELF = YES;
				CLANG_WARN_OBJC_LITERAL_CONVERSION = YES;
				CLANG_WARN_OBJC_ROOT_CLASS = YES_ERROR;
				CLANG_WARN_QUOTED_INCLUDE_IN_FRAMEWORK_HEADER = YES;
				CLANG_WARN_RANGE_LOOP_ANALYSIS = YES;
				CLANG_WARN_STRICT_PROTOTYPES = YES;
				CLANG_WARN_SUSPICIOUS_MOVE = YES;
				CLANG_WARN_UNGUARDED_AVAILABILITY = YES_AGGRESSIVE;
				CLANG_WARN_UNREACHABLE_CODE = YES;
				CLANG_WARN__DUPLICATE_METHOD_MATCH = YES;
				COPY_PHASE_STRIP = NO;
				DEBUG_INFORMATION_FORMAT = dwarf;
				ENABLE_STRICT_OBJC_MSGSEND = YES;
				ENABLE_TESTABILITY = YES;
				ENABLE_USER_SCRIPT_SANDBOXING = YES;
				GCC_C_LANGUAGE_STANDARD = gnu17;
				GCC_DYNAMIC_NO_PIC = NO;
				GCC_NO_COMMON_BLOCKS = YES;
				GCC_OPTIMIZATION_LEVEL = 0;
				GCC_PREPROCESSOR_DEFINITIONS = (
					"DEBUG=1",
					"$(inherited)",
				);
				GCC_WARN_64_TO_32_BIT_CONVERSION = YES;
				GCC_WARN_ABOUT_RETURN_TYPE = YES_ERROR;
				GCC_WARN_UNDECLARED_SELECTOR = YES;
				GCC_WARN_UNINITIALIZED_AUTOS = YES_AGGRESSIVE;
				GCC_WARN_UNUSED_FUNCTION = YES;
				GCC_WARN_UNUSED_VARIABLE = YES;
				IPHONEOS_DEPLOYMENT_TARGET = 18.5;
				LOCALIZATION_PREFERS_STRING_CATALOGS = YES;
				MTL_ENABLE_DEBUG_INFO = INCLUDE_SOURCE;
				MTL_FAST_MATH = YES;
				ONLY_ACTIVE_ARCH = YES;
				SDKROOT = iphoneos;
				SWIFT_ACTIVE_COMPILATION_CONDITIONS = "DEBUG $(inherited)";
				SWIFT_OPTIMIZATION_LEVEL = "-Onone";
			};
			name = Debug;
		};
		040F18A02E0FFB99009F756A /* Release */ = {
			isa = XCBuildConfiguration;
			buildSettings = {
				ALWAYS_SEARCH_USER_PATHS = NO;
				ASSETCATALOG_COMPILER_GENERATE_SWIFT_ASSET_SYMBOL_EXTENSIONS = YES;
				CLANG_ANALYZER_LOCALIZABILITY_NONLOCALIZED = YES;
				CLANG_ANALYZER_NONNULL = YES;
				CLANG_ANALYZER_NUMBER_OBJECT_CONVERSION = YES_AGGRESSIVE;
				CLANG_CXX_LANGUAGE_STANDARD = "gnu++20";
				CLANG_ENABLE_MODULES = YES;
				CLANG_ENABLE_OBJC_ARC = YES;
				CLANG_ENABLE_OBJC_WEAK = YES;
				CLANG_WARN_BLOCK_CAPTURE_AUTORELEASING = YES;
				CLANG_WARN_BOOL_CONVERSION = YES;
				CLANG_WARN_COMMA = YES;
				CLANG_WARN_CONSTANT_CONVERSION = YES;
				CLANG_WARN_DEPRECATED_OBJC_IMPLEMENTATIONS = YES;
				CLANG_WARN_DIRECT_OBJC_ISA_USAGE = YES_ERROR;
				CLANG_WARN_DOCUMENTATION_COMMENTS = YES;
				CLANG_WARN_EMPTY_BODY = YES;
				CLANG_WARN_ENUM_CONVERSION = YES;
				CLANG_WARN_INFINITE_RECURSION = YES;
				CLANG_WARN_INT_CONVERSION = YES;
				CLANG_WARN_NON_LITERAL_NULL_CONVERSION = YES;
				CLANG_WARN_OBJC_IMPLICIT_RETAIN_SELF = YES;
				CLANG_WARN_OBJC_LITERAL_CONVERSION = YES;
				CLANG_WARN_OBJC_ROOT_CLASS = YES_ERROR;
				CLANG_WARN_QUOTED_INCLUDE_IN_FRAMEWORK_HEADER = YES;
				CLANG_WARN_RANGE_LOOP_ANALYSIS = YES;
				CLANG_WARN_STRICT_PROTOTYPES = YES;
				CLANG_WARN_SUSPICIOUS_MOVE = YES;
				CLANG_WARN_UNGUARDED_AVAILABILITY = YES_AGGRESSIVE;
				CLANG_WARN_UNREACHABLE_CODE = YES;
				CLANG_WARN__DUPLICATE_METHOD_MATCH = YES;
				COPY_PHASE_STRIP = NO;
				DEBUG_INFORMATION_FORMAT = "dwarf-with-dsym";
				ENABLE_NS_ASSERTIONS = NO;
				ENABLE_STRICT_OBJC_MSGSEND = YES;
				ENABLE_USER_SCRIPT_SANDBOXING = YES;
				GCC_C_LANGUAGE_STANDARD = gnu17;
				GCC_NO_COMMON_BLOCKS = YES;
				GCC_WARN_64_TO_32_BIT_CONVERSION = YES;
				GCC_WARN_ABOUT_RETURN_TYPE = YES_ERROR;
				GCC_WARN_UNDECLARED_SELECTOR = YES;
				GCC_WARN_UNINITIALIZED_AUTOS = YES_AGGRESSIVE;
				GCC_WARN_UNUSED_FUNCTION = YES;
				GCC_WARN_UNUSED_VARIABLE = YES;
				IPHONEOS_DEPLOYMENT_TARGET = 18.5;
				LOCALIZATION_PREFERS_STRING_CATALOGS = YES;
				MTL_ENABLE_DEBUG_INFO = NO;
				MTL_FAST_MATH = YES;
				SDKROOT = iphoneos;
				SWIFT_COMPILATION_MODE = wholemodule;
				VALIDATE_PRODUCT = YES;
			};
			name = Release;
		};
/* End XCBuildConfiguration section */

/* Begin XCConfigurationList section */
		040F18842E0FFB97009F756A /* Build configuration list for PBXProject "CommonBaseCode" */ = {
			isa = XCConfigurationList;
			buildConfigurations = (
				040F189F2E0FFB99009F756A /* Debug */,
				040F18A02E0FFB99009F756A /* Release */,
			);
			defaultConfigurationIsVisible = 0;
			defaultConfigurationName = Release;
		};
		040F189C2E0FFB99009F756A /* Build configuration list for PBXNativeTarget "CommonBaseCode" */ = {
			isa = XCConfigurationList;
			buildConfigurations = (
				040F189D2E0FFB99009F756A /* Debug */,
				040F189E2E0FFB99009F756A /* Release */,
			);
			defaultConfigurationIsVisible = 0;
			defaultConfigurationName = Release;
		};
/* End XCConfigurationList section */

/* Begin XCRemoteSwiftPackageReference section */
		040F18A12E0FFBDE009F756A /* XCRemoteSwiftPackageReference "IQKeyboardManager" */ = {
			isa = XCRemoteSwiftPackageReference;
			repositoryURL = "https://github.com/hackiftekhar/IQKeyboardManager.git";
			requirement = {
				kind = upToNextMajorVersion;
				minimumVersion = 8.0.1;
			};
		};
		040F18A62E1000FA009F756A /* XCRemoteSwiftPackageReference "aws-sdk-ios-spm" */ = {
			isa = XCRemoteSwiftPackageReference;
			repositoryURL = "https://github.com/aws-amplify/aws-sdk-ios-spm.git";
			requirement = {
				kind = upToNextMajorVersion;
				minimumVersion = 2.41.0;
			};
		};
		040F18E62E1014C7009F756A /* XCRemoteSwiftPackageReference "Alamofire" */ = {
			isa = XCRemoteSwiftPackageReference;
			repositoryURL = "https://github.com/Alamofire/Alamofire.git";
			requirement = {
				kind = upToNextMajorVersion;
				minimumVersion = 5.8.0;
			};
		};
		040F195D2E101A34009F756A /* XCRemoteSwiftPackageReference "R.swift" */ = {
			isa = XCRemoteSwiftPackageReference;
			repositoryURL = "https://github.com/mac-cain13/R.swift.git";
			requirement = {
				kind = upToNextMajorVersion;
				minimumVersion = 7.8.0;
			};
		};
		040F19E62E102B05009F756A /* XCRemoteSwiftPackageReference "firebase-ios-sdk" */ = {
			isa = XCRemoteSwiftPackageReference;
			repositoryURL = "https://github.com/firebase/firebase-ios-sdk.git";
			requirement = {
				kind = upToNextMajorVersion;
				minimumVersion = 11.15.0;
			};
		};
/* End XCRemoteSwiftPackageReference section */

/* Begin XCSwiftPackageProductDependency section */
		040F18A22E0FFBDE009F756A /* IQKeyboardManagerSwift */ = {
			isa = XCSwiftPackageProductDependency;
			package = 040F18A12E0FFBDE009F756A /* XCRemoteSwiftPackageReference "IQKeyboardManager" */;
			productName = IQKeyboardManagerSwift;
		};
		040F18A72E1000FA009F756A /* AWSCognitoIdentityProvider */ = {
			isa = XCSwiftPackageProductDependency;
			package = 040F18A62E1000FA009F756A /* XCRemoteSwiftPackageReference "aws-sdk-ios-spm" */;
			productName = AWSCognitoIdentityProvider;
		};
		040F18A92E1000FA009F756A /* AWSCore */ = {
			isa = XCSwiftPackageProductDependency;
			package = 040F18A62E1000FA009F756A /* XCRemoteSwiftPackageReference "aws-sdk-ios-spm" */;
			productName = AWSCore;
		};
		040F18AB2E1000FA009F756A /* AWSS3 */ = {
			isa = XCSwiftPackageProductDependency;
			package = 040F18A62E1000FA009F756A /* XCRemoteSwiftPackageReference "aws-sdk-ios-spm" */;
			productName = AWSS3;
		};
		040F18E72E1014C7009F756A /* Alamofire */ = {
			isa = XCSwiftPackageProductDependency;
			package = 040F18E62E1014C7009F756A /* XCRemoteSwiftPackageReference "Alamofire" */;
			productName = Alamofire;
		};
		040F195E2E101A34009F756A /* RswiftLibrary */ = {
			isa = XCSwiftPackageProductDependency;
			package = 040F195D2E101A34009F756A /* XCRemoteSwiftPackageReference "R.swift" */;
			productName = RswiftLibrary;
		};
		040F19612E1023BD009F756A /* RswiftGenerateInternalResources */ = {
			isa = XCSwiftPackageProductDependency;
			package = 040F195D2E101A34009F756A /* XCRemoteSwiftPackageReference "R.swift" */;
			productName = "plugin:RswiftGenerateInternalResources";
		};
		040F19E72E102B05009F756A /* FirebaseCore */ = {
			isa = XCSwiftPackageProductDependency;
			package = 040F19E62E102B05009F756A /* XCRemoteSwiftPackageReference "firebase-ios-sdk" */;
			productName = FirebaseCore;
		};
		040F19E92E102B05009F756A /* FirebaseDynamicLinks */ = {
			isa = XCSwiftPackageProductDependency;
			package = 040F19E62E102B05009F756A /* XCRemoteSwiftPackageReference "firebase-ios-sdk" */;
			productName = FirebaseDynamicLinks;
		};
		040F19EB2E102B05009F756A /* FirebaseMessaging */ = {
			isa = XCSwiftPackageProductDependency;
			package = 040F19E62E102B05009F756A /* XCRemoteSwiftPackageReference "firebase-ios-sdk" */;
			productName = FirebaseMessaging;
		};
/* End XCSwiftPackageProductDependency section */
	};
	rootObject = 040F18812E0FFB97009F756A /* Project object */;
}
